
Microsoft Visual Studio Solution File, Format Version 12.00
Project("{FAE04EC0-301F-11D3-BF4B-00C04F79EFBC}") = "cli", "cli\cli.csproj", "{7E936500-3E4C-4798-8108-0842A2A93B60}"
EndProject
Project("{FAE04EC0-301F-11D3-BF4B-00C04F79EFBC}") = "tests", "tests\tests.csproj", "{099A7AAC-15D8-4D80-8A75-3C0D0CC543C5}"
EndProject
Project("{FAE04EC0-301F-11D3-BF4B-00C04F79EFBC}") = "unityenginestubs", "..\microservice\unityEngineStubs\unityenginestubs.csproj", "{DFD9F60A-4C4A-4188-806D-C91FCD6A76CD}"
EndProject
Project("{FAE04EC0-301F-11D3-BF4B-00C04F79EFBC}") = "beamable.tooling.common", "..\microservice\beamable.tooling.common\beamable.tooling.common.csproj", "{48F9B1E2-6E2C-422A-B52A-D8D3E3668BED}"
EndProject
Project("{FAE04EC0-301F-11D3-BF4B-00C04F79EFBC}") = "beamable.common", "beamable.common\beamable.common.csproj", "{6F65C81F-0C2E-4474-90D2-AB7FC12D90FB}"
EndProject
Project("{FAE04EC0-301F-11D3-BF4B-00C04F79EFBC}") = "beamable.server.common", "beamable.server.common\beamable.server.common.csproj", "{A2F51FFB-7EBA-48E2-9671-474854FDFAAF}"
EndProject
Project("{FAE04EC0-301F-11D3-BF4B-00C04F79EFBC}") = "unityenginestubs.addressables", "..\microservice\unityEngineStubs.addressables\unityenginestubs.addressables.csproj", "{04402A61-B144-4536-BCA1-E2122B342B04}"
EndProject
Project("{FAE04EC0-301F-11D3-BF4B-00C04F79EFBC}") = "microservice", "..\microservice\microservice\microservice.csproj", "{4AF81DF1-F43F-454D-B4E7-CA929A86129D}"
EndProject
Project("{FAE04EC0-301F-11D3-BF4B-00C04F79EFBC}") = "microserviceTests", "..\microservice\microserviceTests\microserviceTests.csproj", "{B0BAAE61-DE1A-47C9-BA6A-BD6D8BB37161}"
EndProject
Project("{FAE04EC0-301F-11D3-BF4B-00C04F79EFBC}") = "MicroserviceSourceGen", "..\templates\MicroserviceSourceGen\MicroserviceSourceGen\MicroserviceSourceGen.csproj", "{2F07BE29-1209-46E0-A5E8-B83CE503419E}"
EndProject
Project("{FAE04EC0-301F-11D3-BF4B-00C04F79EFBC}") = "MicroserviceSourceGen.Tests.DepTest", "..\templates\SourceGen\MicroserviceSourceGen.Tests.DepTest\MicroserviceSourceGen.Tests.DepTest.csproj", "{A585AD13-90BD-4566-98F7-C3955E65D0D8}"
EndProject
Project("{FAE04EC0-301F-11D3-BF4B-00C04F79EFBC}") = "MicroserviceSourceGen.Tests", "..\templates\SourceGen\MicroserviceSourceGen.Tests\MicroserviceSourceGen.Tests.csproj", "{190133CC-16A3-435B-84F0-2E0D7FC0FE66}"
EndProject
Project("{FAE04EC0-301F-11D3-BF4B-00C04F79EFBC}") = "beamable.templates", "beamable.templates\beamable.templates.csproj", "{EFED661A-4C6F-4410-902E-3533BB49F9B4}"
EndProject
Project("{2150E333-8FDC-42A3-9474-1A3956D46DE8}") = "TemplateProjects", "TemplateProjects", "{C7F833F5-4FC1-47A0-AE55-2EAACA51D519}"
EndProject
Project("{FAE04EC0-301F-11D3-BF4B-00C04F79EFBC}") = "BeamService", "beamable.templates\templates\BeamService\BeamService.csproj", "{EF261D57-B886-47CD-80E0-5AB36C5AC531}"
EndProject
Project("{FAE04EC0-301F-11D3-BF4B-00C04F79EFBC}") = "BeamStorage", "beamable.templates\templates\BeamStorage\BeamStorage.csproj", "{C07C1A4B-0E5F-4CA8-8189-1892FACB8DB1}"
EndProject
Project("{FAE04EC0-301F-11D3-BF4B-00C04F79EFBC}") = "CommonLibrary", "beamable.templates\templates\CommonLibrary\CommonLibrary.csproj", "{926D9559-C9B5-4CE9-BCEF-DB59E87ABC7E}"
EndProject
Project("{FAE04EC0-301F-11D3-BF4B-00C04F79EFBC}") = "beamable.otel.exporter", "beamable.otel.exporter\beamable.otel.exporter.csproj", "{658250C8-C929-428B-8425-EC5D1100B7D1}"
EndProject
Project("{FAE04EC0-301F-11D3-BF4B-00C04F79EFBC}") = "beamable.microservice.otel.exporter", "beamable.microservice.otel.exporter\beamable.microservice.otel.exporter.csproj", "{79B6E45A-7747-4894-93F5-F70836293D83}"
EndProject
Project("{FAE04EC0-301F-11D3-BF4B-00C04F79EFBC}") = "beamable.otel.common", "beamable.otel.common\beamable.otel.common.csproj", "{343D6679-0ECA-478B-851D-95D570257958}"
EndProject
Global
	GlobalSection(SolutionConfigurationPlatforms) = preSolution
		Debug|Any CPU = Debug|Any CPU
		Release|Any CPU = Release|Any CPU
	EndGlobalSection
	GlobalSection(ProjectConfigurationPlatforms) = postSolution
		{7E936500-3E4C-4798-8108-0842A2A93B60}.Debug|Any CPU.ActiveCfg = Debug|Any CPU
		{7E936500-3E4C-4798-8108-0842A2A93B60}.Debug|Any CPU.Build.0 = Debug|Any CPU
		{7E936500-3E4C-4798-8108-0842A2A93B60}.Release|Any CPU.ActiveCfg = Release|Any CPU
		{7E936500-3E4C-4798-8108-0842A2A93B60}.Release|Any CPU.Build.0 = Release|Any CPU
		{099A7AAC-15D8-4D80-8A75-3C0D0CC543C5}.Debug|Any CPU.ActiveCfg = Debug|Any CPU
		{099A7AAC-15D8-4D80-8A75-3C0D0CC543C5}.Debug|Any CPU.Build.0 = Debug|Any CPU
		{099A7AAC-15D8-4D80-8A75-3C0D0CC543C5}.Release|Any CPU.ActiveCfg = Release|Any CPU
		{099A7AAC-15D8-4D80-8A75-3C0D0CC543C5}.Release|Any CPU.Build.0 = Release|Any CPU
		{DFD9F60A-4C4A-4188-806D-C91FCD6A76CD}.Debug|Any CPU.ActiveCfg = Debug|Any CPU
		{DFD9F60A-4C4A-4188-806D-C91FCD6A76CD}.Debug|Any CPU.Build.0 = Debug|Any CPU
		{DFD9F60A-4C4A-4188-806D-C91FCD6A76CD}.Release|Any CPU.ActiveCfg = Release|Any CPU
		{DFD9F60A-4C4A-4188-806D-C91FCD6A76CD}.Release|Any CPU.Build.0 = Release|Any CPU
		{48F9B1E2-6E2C-422A-B52A-D8D3E3668BED}.Debug|Any CPU.ActiveCfg = Debug|Any CPU
		{48F9B1E2-6E2C-422A-B52A-D8D3E3668BED}.Debug|Any CPU.Build.0 = Debug|Any CPU
		{48F9B1E2-6E2C-422A-B52A-D8D3E3668BED}.Release|Any CPU.ActiveCfg = Release|Any CPU
		{48F9B1E2-6E2C-422A-B52A-D8D3E3668BED}.Release|Any CPU.Build.0 = Release|Any CPU
		{6F65C81F-0C2E-4474-90D2-AB7FC12D90FB}.Debug|Any CPU.ActiveCfg = Debug|Any CPU
		{6F65C81F-0C2E-4474-90D2-AB7FC12D90FB}.Debug|Any CPU.Build.0 = Debug|Any CPU
		{6F65C81F-0C2E-4474-90D2-AB7FC12D90FB}.Release|Any CPU.ActiveCfg = Release|Any CPU
		{6F65C81F-0C2E-4474-90D2-AB7FC12D90FB}.Release|Any CPU.Build.0 = Release|Any CPU
		{A2F51FFB-7EBA-48E2-9671-474854FDFAAF}.Debug|Any CPU.ActiveCfg = Debug|Any CPU
		{A2F51FFB-7EBA-48E2-9671-474854FDFAAF}.Debug|Any CPU.Build.0 = Debug|Any CPU
		{A2F51FFB-7EBA-48E2-9671-474854FDFAAF}.Release|Any CPU.ActiveCfg = Release|Any CPU
		{A2F51FFB-7EBA-48E2-9671-474854FDFAAF}.Release|Any CPU.Build.0 = Release|Any CPU
		{04402A61-B144-4536-BCA1-E2122B342B04}.Debug|Any CPU.ActiveCfg = Debug|Any CPU
		{04402A61-B144-4536-BCA1-E2122B342B04}.Debug|Any CPU.Build.0 = Debug|Any CPU
		{04402A61-B144-4536-BCA1-E2122B342B04}.Release|Any CPU.ActiveCfg = Release|Any CPU
		{04402A61-B144-4536-BCA1-E2122B342B04}.Release|Any CPU.Build.0 = Release|Any CPU
		{4AF81DF1-F43F-454D-B4E7-CA929A86129D}.Debug|Any CPU.ActiveCfg = Debug|Any CPU
		{4AF81DF1-F43F-454D-B4E7-CA929A86129D}.Debug|Any CPU.Build.0 = Debug|Any CPU
		{4AF81DF1-F43F-454D-B4E7-CA929A86129D}.Release|Any CPU.ActiveCfg = Release|Any CPU
		{4AF81DF1-F43F-454D-B4E7-CA929A86129D}.Release|Any CPU.Build.0 = Release|Any CPU
		{B0BAAE61-DE1A-47C9-BA6A-BD6D8BB37161}.Debug|Any CPU.ActiveCfg = Debug|Any CPU
		{B0BAAE61-DE1A-47C9-BA6A-BD6D8BB37161}.Debug|Any CPU.Build.0 = Debug|Any CPU
		{B0BAAE61-DE1A-47C9-BA6A-BD6D8BB37161}.Release|Any CPU.ActiveCfg = Release|Any CPU
		{B0BAAE61-DE1A-47C9-BA6A-BD6D8BB37161}.Release|Any CPU.Build.0 = Release|Any CPU
		{2F07BE29-1209-46E0-A5E8-B83CE503419E}.Debug|Any CPU.ActiveCfg = Debug|Any CPU
		{2F07BE29-1209-46E0-A5E8-B83CE503419E}.Debug|Any CPU.Build.0 = Debug|Any CPU
		{2F07BE29-1209-46E0-A5E8-B83CE503419E}.Release|Any CPU.ActiveCfg = Release|Any CPU
		{2F07BE29-1209-46E0-A5E8-B83CE503419E}.Release|Any CPU.Build.0 = Release|Any CPU
		{A585AD13-90BD-4566-98F7-C3955E65D0D8}.Debug|Any CPU.ActiveCfg = Debug|Any CPU
		{A585AD13-90BD-4566-98F7-C3955E65D0D8}.Debug|Any CPU.Build.0 = Debug|Any CPU
		{A585AD13-90BD-4566-98F7-C3955E65D0D8}.Release|Any CPU.ActiveCfg = Release|Any CPU
		{A585AD13-90BD-4566-98F7-C3955E65D0D8}.Release|Any CPU.Build.0 = Release|Any CPU
		{190133CC-16A3-435B-84F0-2E0D7FC0FE66}.Debug|Any CPU.ActiveCfg = Debug|Any CPU
		{190133CC-16A3-435B-84F0-2E0D7FC0FE66}.Debug|Any CPU.Build.0 = Debug|Any CPU
		{190133CC-16A3-435B-84F0-2E0D7FC0FE66}.Release|Any CPU.ActiveCfg = Release|Any CPU
		{190133CC-16A3-435B-84F0-2E0D7FC0FE66}.Release|Any CPU.Build.0 = Release|Any CPU
		{EFED661A-4C6F-4410-902E-3533BB49F9B4}.Debug|Any CPU.ActiveCfg = Debug|Any CPU
		{EFED661A-4C6F-4410-902E-3533BB49F9B4}.Debug|Any CPU.Build.0 = Debug|Any CPU
		{EFED661A-4C6F-4410-902E-3533BB49F9B4}.Release|Any CPU.ActiveCfg = Release|Any CPU
		{EFED661A-4C6F-4410-902E-3533BB49F9B4}.Release|Any CPU.Build.0 = Release|Any CPU
		{EF261D57-B886-47CD-80E0-5AB36C5AC531}.Debug|Any CPU.ActiveCfg = Debug|Any CPU
		{EF261D57-B886-47CD-80E0-5AB36C5AC531}.Debug|Any CPU.Build.0 = Debug|Any CPU
		{EF261D57-B886-47CD-80E0-5AB36C5AC531}.Release|Any CPU.ActiveCfg = Release|Any CPU
		{EF261D57-B886-47CD-80E0-5AB36C5AC531}.Release|Any CPU.Build.0 = Release|Any CPU
		{C07C1A4B-0E5F-4CA8-8189-1892FACB8DB1}.Debug|Any CPU.ActiveCfg = Debug|Any CPU
		{C07C1A4B-0E5F-4CA8-8189-1892FACB8DB1}.Debug|Any CPU.Build.0 = Debug|Any CPU
		{C07C1A4B-0E5F-4CA8-8189-1892FACB8DB1}.Release|Any CPU.ActiveCfg = Release|Any CPU
		{C07C1A4B-0E5F-4CA8-8189-1892FACB8DB1}.Release|Any CPU.Build.0 = Release|Any CPU
		{926D9559-C9B5-4CE9-BCEF-DB59E87ABC7E}.Debug|Any CPU.ActiveCfg = Debug|Any CPU
		{926D9559-C9B5-4CE9-BCEF-DB59E87ABC7E}.Debug|Any CPU.Build.0 = Debug|Any CPU
		{926D9559-C9B5-4CE9-BCEF-DB59E87ABC7E}.Release|Any CPU.ActiveCfg = Release|Any CPU
		{926D9559-C9B5-4CE9-BCEF-DB59E87ABC7E}.Release|Any CPU.Build.0 = Release|Any CPU
		{658250C8-C929-428B-8425-EC5D1100B7D1}.Debug|Any CPU.ActiveCfg = Debug|Any CPU
		{658250C8-C929-428B-8425-EC5D1100B7D1}.Debug|Any CPU.Build.0 = Debug|Any CPU
		{79B6E45A-7747-4894-93F5-F70836293D83}.Debug|Any CPU.ActiveCfg = Debug|Any CPU
		{79B6E45A-7747-4894-93F5-F70836293D83}.Debug|Any CPU.Build.0 = Debug|Any CPU
		{79B6E45A-7747-4894-93F5-F70836293D83}.Release|Any CPU.ActiveCfg = Release|Any CPU
		{79B6E45A-7747-4894-93F5-F70836293D83}.Release|Any CPU.Build.0 = Release|Any CPU
		{343D6679-0ECA-478B-851D-95D570257958}.Debug|Any CPU.ActiveCfg = Debug|Any CPU
		{343D6679-0ECA-478B-851D-95D570257958}.Debug|Any CPU.Build.0 = Debug|Any CPU
		{343D6679-0ECA-478B-851D-95D570257958}.Release|Any CPU.ActiveCfg = Release|Any CPU
		{343D6679-0ECA-478B-851D-95D570257958}.Release|Any CPU.Build.0 = Release|Any CPU
	EndGlobalSection
	GlobalSection(NestedProjects) = preSolution
		{EF261D57-B886-47CD-80E0-5AB36C5AC531} = {C7F833F5-4FC1-47A0-AE55-2EAACA51D519}
		{C07C1A4B-0E5F-4CA8-8189-1892FACB8DB1} = {C7F833F5-4FC1-47A0-AE55-2EAACA51D519}
		{926D9559-C9B5-4CE9-BCEF-DB59E87ABC7E} = {C7F833F5-4FC1-47A0-AE55-2EAACA51D519}
	EndGlobalSection
EndGlobal
