
Microsoft Visual Studio Solution File, Format Version 11.00
# Visual Studio 2010
Project("{FAE04EC0-301F-11D3-BF4B-00C04F79EFBC}") = "Beamable.Installer.SmallerJSON", "Beamable.Installer.SmallerJSON.csproj", "{ADF7A0FE-2E82-8667-C5F5-2B0E133E926E}"
EndProject
Project("{FAE04EC0-301F-11D3-BF4B-00C04F79EFBC}") = "Beamable.Installer.Tests", "Beamable.Installer.Tests.csproj", "{235F8803-D4A5-D865-B354-F21EB8D68483}"
EndProject
Project("{FAE04EC0-301F-11D3-BF4B-00C04F79EFBC}") = "Beamable.Installer", "Beamable.Installer.csproj", "{ACA597C9-027D-BC4A-A963-CBF369775B15}"
EndProject
Global
	GlobalSection(SolutionConfigurationPlatforms) = preSolution
		Debug|Any CPU = Debug|Any CPU
		Release|Any CPU = Release|Any CPU
	EndGlobalSection
	GlobalSection(ProjectConfigurationPlatforms) = postSolution
		{ADF7A0FE-2E82-8667-C5F5-2B0E133E926E}.Debug|Any CPU.ActiveCfg = Debug|Any CPU
		{ADF7A0FE-2E82-8667-C5F5-2B0E133E926E}.Debug|Any CPU.Build.0 = Debug|Any CPU
		{ADF7A0FE-2E82-8667-C5F5-2B0E133E926E}.Release|Any CPU.ActiveCfg = Release|Any CPU
		{ADF7A0FE-2E82-8667-C5F5-2B0E133E926E}.Release|Any CPU.Build.0 = Release|Any CPU
		{235F8803-D4A5-D865-B354-F21EB8D68483}.Debug|Any CPU.ActiveCfg = Debug|Any CPU
		{235F8803-D4A5-D865-B354-F21EB8D68483}.Debug|Any CPU.Build.0 = Debug|Any CPU
		{235F8803-D4A5-D865-B354-F21EB8D68483}.Release|Any CPU.ActiveCfg = Release|Any CPU
		{235F8803-D4A5-D865-B354-F21EB8D68483}.Release|Any CPU.Build.0 = Release|Any CPU
		{ACA597C9-027D-BC4A-A963-CBF369775B15}.Debug|Any CPU.ActiveCfg = Debug|Any CPU
		{ACA597C9-027D-BC4A-A963-CBF369775B15}.Debug|Any CPU.Build.0 = Debug|Any CPU
		{ACA597C9-027D-BC4A-A963-CBF369775B15}.Release|Any CPU.ActiveCfg = Release|Any CPU
		{ACA597C9-027D-BC4A-A963-CBF369775B15}.Release|Any CPU.Build.0 = Release|Any CPU
	EndGlobalSection
	GlobalSection(SolutionProperties) = preSolution
		HideSolutionNode = FALSE
	EndGlobalSection
	GlobalSection(MonoDevelopProperties) = preSolution
		StartupItem = Assembly-CSharp.csproj
	EndGlobalSection
EndGlobal
