
Microsoft Visual Studio Solution File, Format Version 12.00
# Visual Studio Version 17
VisualStudioVersion = 17.0.31903.59
MinimumVisualStudioVersion = 10.0.40219.1
Project("{2150E333-8FDC-42A3-9474-1A3956D46DE8}") = "services", "services", "{1C9B6584-9945-42B2-B1C3-26D429D10ECD}"
EndProject
Project("{FAE04EC0-301F-11D3-BF4B-00C04F79EFBC}") = "standalone-microservice", "services\standalone-microservice\standalone-microservice.csproj", "{1C037444-300A-4A6C-B55E-F454E74C19A4}"
EndProject
Project("{FAE04EC0-301F-11D3-BF4B-00C04F79EFBC}") = "microservice", "..\..\microservice\microservice\microservice.csproj", "{2CB65681-56ED-4316-A7FC-835DA32D4561}"
EndProject
Project("{FAE04EC0-301F-11D3-BF4B-00C04F79EFBC}") = "unityenginestubs", "..\..\microservice\unityEngineStubs\unityenginestubs.csproj", "{2AFD5A40-06B7-4A08-A4A5-AB3598EC1968}"
EndProject
Project("{FAE04EC0-301F-11D3-BF4B-00C04F79EFBC}") = "beamable.tooling.common", "..\..\microservice\beamable.tooling.common\beamable.tooling.common.csproj", "{CF02E672-2CCB-4FF3-8BBA-256441470D57}"
EndProject
Project("{FAE04EC0-301F-11D3-BF4B-00C04F79EFBC}") = "beamable.common", "..\..\cli\beamable.common\beamable.common.csproj", "{2E405FAC-AF71-463A-8FB8-3A0DB69FECEB}"
EndProject
Project("{FAE04EC0-301F-11D3-BF4B-00C04F79EFBC}") = "beamable.server", "..\..\cli\beamable.server\beamable.server.csproj", "{1B38F091-4D47-4F50-99AE-E952876CF0B9}"
EndProject
Project("{FAE04EC0-301F-11D3-BF4B-00C04F79EFBC}") = "beamable.server.common", "..\..\cli\beamable.server.common\beamable.server.common.csproj", "{FA201E6E-2C20-4752-98EB-7072F29610B4}"
EndProject
Global
	GlobalSection(SolutionConfigurationPlatforms) = preSolution
		Debug|Any CPU = Debug|Any CPU
		Release|Any CPU = Release|Any CPU
	EndGlobalSection
	GlobalSection(SolutionProperties) = preSolution
		HideSolutionNode = FALSE
	EndGlobalSection
	GlobalSection(ProjectConfigurationPlatforms) = postSolution
		{1C037444-300A-4A6C-B55E-F454E74C19A4}.Debug|Any CPU.ActiveCfg = Debug|Any CPU
		{1C037444-300A-4A6C-B55E-F454E74C19A4}.Debug|Any CPU.Build.0 = Debug|Any CPU
		{1C037444-300A-4A6C-B55E-F454E74C19A4}.Release|Any CPU.ActiveCfg = Release|Any CPU
		{1C037444-300A-4A6C-B55E-F454E74C19A4}.Release|Any CPU.Build.0 = Release|Any CPU
		{2CB65681-56ED-4316-A7FC-835DA32D4561}.Debug|Any CPU.ActiveCfg = Debug|Any CPU
		{2CB65681-56ED-4316-A7FC-835DA32D4561}.Debug|Any CPU.Build.0 = Debug|Any CPU
		{2CB65681-56ED-4316-A7FC-835DA32D4561}.Release|Any CPU.ActiveCfg = Release|Any CPU
		{2CB65681-56ED-4316-A7FC-835DA32D4561}.Release|Any CPU.Build.0 = Release|Any CPU
		{2AFD5A40-06B7-4A08-A4A5-AB3598EC1968}.Debug|Any CPU.ActiveCfg = Debug|Any CPU
		{2AFD5A40-06B7-4A08-A4A5-AB3598EC1968}.Debug|Any CPU.Build.0 = Debug|Any CPU
		{2AFD5A40-06B7-4A08-A4A5-AB3598EC1968}.Release|Any CPU.ActiveCfg = Release|Any CPU
		{2AFD5A40-06B7-4A08-A4A5-AB3598EC1968}.Release|Any CPU.Build.0 = Release|Any CPU
		{CF02E672-2CCB-4FF3-8BBA-256441470D57}.Debug|Any CPU.ActiveCfg = Debug|Any CPU
		{CF02E672-2CCB-4FF3-8BBA-256441470D57}.Debug|Any CPU.Build.0 = Debug|Any CPU
		{CF02E672-2CCB-4FF3-8BBA-256441470D57}.Release|Any CPU.ActiveCfg = Release|Any CPU
		{CF02E672-2CCB-4FF3-8BBA-256441470D57}.Release|Any CPU.Build.0 = Release|Any CPU
		{2E405FAC-AF71-463A-8FB8-3A0DB69FECEB}.Debug|Any CPU.ActiveCfg = Debug|Any CPU
		{2E405FAC-AF71-463A-8FB8-3A0DB69FECEB}.Debug|Any CPU.Build.0 = Debug|Any CPU
		{2E405FAC-AF71-463A-8FB8-3A0DB69FECEB}.Release|Any CPU.ActiveCfg = Release|Any CPU
		{2E405FAC-AF71-463A-8FB8-3A0DB69FECEB}.Release|Any CPU.Build.0 = Release|Any CPU
		{1B38F091-4D47-4F50-99AE-E952876CF0B9}.Debug|Any CPU.ActiveCfg = Debug|Any CPU
		{1B38F091-4D47-4F50-99AE-E952876CF0B9}.Debug|Any CPU.Build.0 = Debug|Any CPU
		{1B38F091-4D47-4F50-99AE-E952876CF0B9}.Release|Any CPU.ActiveCfg = Release|Any CPU
		{1B38F091-4D47-4F50-99AE-E952876CF0B9}.Release|Any CPU.Build.0 = Release|Any CPU
		{FA201E6E-2C20-4752-98EB-7072F29610B4}.Debug|Any CPU.ActiveCfg = Debug|Any CPU
		{FA201E6E-2C20-4752-98EB-7072F29610B4}.Debug|Any CPU.Build.0 = Debug|Any CPU
		{FA201E6E-2C20-4752-98EB-7072F29610B4}.Release|Any CPU.ActiveCfg = Release|Any CPU
		{FA201E6E-2C20-4752-98EB-7072F29610B4}.Release|Any CPU.Build.0 = Release|Any CPU
	EndGlobalSection
	GlobalSection(NestedProjects) = preSolution
		{1C037444-300A-4A6C-B55E-F454E74C19A4} = {1C9B6584-9945-42B2-B1C3-26D429D10ECD}
	EndGlobalSection
EndGlobal
