
Microsoft Visual Studio Solution File, Format Version 12.00
# Visual Studio Version 17
VisualStudioVersion = 17.0.31903.59
MinimumVisualStudioVersion = 10.0.40219.1
Project("{2150E333-8FDC-42A3-9474-1A3956D46DE8}") = "services", "services", "{1C9B6584-9945-42B2-B1C3-26D429D10ECD}"
EndProject
Project("{FAE04EC0-301F-11D3-BF4B-00C04F79EFBC}") = "standalone-microservice", "services\standalone-microservice\standalone-microservice.csproj", "{1C037444-300A-4A6C-B55E-F454E74C19A4}"
EndProject
Global
	GlobalSection(SolutionConfigurationPlatforms) = preSolution
		Debug|Any CPU = Debug|Any CPU
		Release|Any CPU = Release|Any CPU
	EndGlobalSection
	GlobalSection(SolutionProperties) = preSolution
		HideSolutionNode = FALSE
	EndGlobalSection
	GlobalSection(ProjectConfigurationPlatforms) = postSolution
		{1C037444-300A-4A6C-B55E-F454E74C19A4}.Debug|Any CPU.ActiveCfg = Debug|Any CPU
		{1C037444-300A-4A6C-B55E-F454E74C19A4}.Debug|Any CPU.Build.0 = Debug|Any CPU
		{1C037444-300A-4A6C-B55E-F454E74C19A4}.Release|Any CPU.ActiveCfg = Release|Any CPU
		{1C037444-300A-4A6C-B55E-F454E74C19A4}.Release|Any CPU.Build.0 = Release|Any CPU
	EndGlobalSection
	GlobalSection(NestedProjects) = preSolution
		{1C037444-300A-4A6C-B55E-F454E74C19A4} = {1C9B6584-9945-42B2-B1C3-26D429D10ECD}
	EndGlobalSection
EndGlobal
