
Microsoft Visual Studio Solution File, Format Version 12.00
# Visual Studio Version 17
VisualStudioVersion = 17.0.31903.59
MinimumVisualStudioVersion = 10.0.40219.1
Project("{2150E333-8FDC-42A3-9474-1A3956D46DE8}") = "services", "services", "{1C9B6584-9945-42B2-B1C3-26D429D10ECD}"
EndProject
Project("{FAE04EC0-301F-11D3-BF4B-00C04F79EFBC}") = "standalone-microservice", "services\standalone-microservice\standalone-microservice.csproj", "{1C037444-300A-4A6C-B55E-F454E74C19A4}"
EndProject
Project("{FAE04EC0-301F-11D3-BF4B-00C04F79EFBC}") = "microservice", "..\..\microservice\microservice\microservice.csproj", "{2CB65681-56ED-4316-A7FC-835DA32D4561}"
EndProject
Project("{FAE04EC0-301F-11D3-BF4B-00C04F79EFBC}") = "unityenginestubs", "..\..\microservice\unityEngineStubs\unityenginestubs.csproj", "{2AFD5A40-06B7-4A08-A4A5-AB3598EC1968}"
EndProject
Project("{FAE04EC0-301F-11D3-BF4B-00C04F79EFBC}") = "beamable.common", "..\..\client\Packages\com.beamable\Common\beamable.common.csproj", "{4E7E1529-1B1C-45CD-BF29-A2205CAC64D7}"
EndProject
Project("{FAE04EC0-301F-11D3-BF4B-00C04F79EFBC}") = "beamable.server.common", "..\..\client\Packages\com.beamable.server\Runtime\Common\beamable.server.common.csproj", "{FC29E110-DE7C-4F61-AFEF-9A7941DE60FD}"
EndProject
Project("{FAE04EC0-301F-11D3-BF4B-00C04F79EFBC}") = "beamable.server", "..\..\client\Packages\com.beamable.server\SharedRuntime\beamable.server.csproj", "{58E4638E-7CEE-4E09-8321-580A2C8197F4}"
EndProject
Global
	GlobalSection(SolutionConfigurationPlatforms) = preSolution
		Debug|Any CPU = Debug|Any CPU
		Release|Any CPU = Release|Any CPU
	EndGlobalSection
	GlobalSection(SolutionProperties) = preSolution
		HideSolutionNode = FALSE
	EndGlobalSection
	GlobalSection(ProjectConfigurationPlatforms) = postSolution
		{1C037444-300A-4A6C-B55E-F454E74C19A4}.Debug|Any CPU.ActiveCfg = Debug|Any CPU
		{1C037444-300A-4A6C-B55E-F454E74C19A4}.Debug|Any CPU.Build.0 = Debug|Any CPU
		{1C037444-300A-4A6C-B55E-F454E74C19A4}.Release|Any CPU.ActiveCfg = Release|Any CPU
		{1C037444-300A-4A6C-B55E-F454E74C19A4}.Release|Any CPU.Build.0 = Release|Any CPU
		{2CB65681-56ED-4316-A7FC-835DA32D4561}.Debug|Any CPU.ActiveCfg = Debug|Any CPU
		{2CB65681-56ED-4316-A7FC-835DA32D4561}.Debug|Any CPU.Build.0 = Debug|Any CPU
		{2CB65681-56ED-4316-A7FC-835DA32D4561}.Release|Any CPU.ActiveCfg = Release|Any CPU
		{2CB65681-56ED-4316-A7FC-835DA32D4561}.Release|Any CPU.Build.0 = Release|Any CPU
		{2AFD5A40-06B7-4A08-A4A5-AB3598EC1968}.Debug|Any CPU.ActiveCfg = Debug|Any CPU
		{2AFD5A40-06B7-4A08-A4A5-AB3598EC1968}.Debug|Any CPU.Build.0 = Debug|Any CPU
		{2AFD5A40-06B7-4A08-A4A5-AB3598EC1968}.Release|Any CPU.ActiveCfg = Release|Any CPU
		{2AFD5A40-06B7-4A08-A4A5-AB3598EC1968}.Release|Any CPU.Build.0 = Release|Any CPU
		{4E7E1529-1B1C-45CD-BF29-A2205CAC64D7}.Debug|Any CPU.ActiveCfg = Debug|Any CPU
		{4E7E1529-1B1C-45CD-BF29-A2205CAC64D7}.Debug|Any CPU.Build.0 = Debug|Any CPU
		{4E7E1529-1B1C-45CD-BF29-A2205CAC64D7}.Release|Any CPU.ActiveCfg = Release|Any CPU
		{4E7E1529-1B1C-45CD-BF29-A2205CAC64D7}.Release|Any CPU.Build.0 = Release|Any CPU
		{FC29E110-DE7C-4F61-AFEF-9A7941DE60FD}.Debug|Any CPU.ActiveCfg = Debug|Any CPU
		{FC29E110-DE7C-4F61-AFEF-9A7941DE60FD}.Debug|Any CPU.Build.0 = Debug|Any CPU
		{FC29E110-DE7C-4F61-AFEF-9A7941DE60FD}.Release|Any CPU.ActiveCfg = Release|Any CPU
		{FC29E110-DE7C-4F61-AFEF-9A7941DE60FD}.Release|Any CPU.Build.0 = Release|Any CPU
		{58E4638E-7CEE-4E09-8321-580A2C8197F4}.Debug|Any CPU.ActiveCfg = Debug|Any CPU
		{58E4638E-7CEE-4E09-8321-580A2C8197F4}.Debug|Any CPU.Build.0 = Debug|Any CPU
		{58E4638E-7CEE-4E09-8321-580A2C8197F4}.Release|Any CPU.ActiveCfg = Release|Any CPU
		{58E4638E-7CEE-4E09-8321-580A2C8197F4}.Release|Any CPU.Build.0 = Release|Any CPU
	EndGlobalSection
	GlobalSection(NestedProjects) = preSolution
		{1C037444-300A-4A6C-B55E-F454E74C19A4} = {1C9B6584-9945-42B2-B1C3-26D429D10ECD}
	EndGlobalSection
EndGlobal
