
Microsoft Visual Studio Solution File, Format Version 12.00
Project("{FAE04EC0-301F-11D3-BF4B-00C04F79EFBC}") = "templates", "templates\templates.csproj", "{D14E4FA1-7BB0-431D-85AC-67D26A6A6AB2}"
EndProject
Project("{FAE04EC0-301F-11D3-BF4B-00C04F79EFBC}") = "BeamService", "BeamService\BeamService.csproj", "{5078B5D7-2A56-45ED-9BE9-1087EABD01AC}"
EndProject
Project("{FAE04EC0-301F-11D3-BF4B-00C04F79EFBC}") = "CommonLibrary", "CommonLibrary\CommonLibrary.csproj", "{74FB371E-3386-4A52-9CC0-11CA623D2BB7}"
EndProject
Project("{FAE04EC0-301F-11D3-BF4B-00C04F79EFBC}") = "BeamStorage", "BeamStorage\BeamStorage.csproj", "{EF1BAFA1-CC46-4D75-8C69-20E962A71D72}"
EndProject
Project("{FAE04EC0-301F-11D3-BF4B-00C04F79EFBC}") = "MicroserviceSourceGen", "MicroserviceSourceGen\MicroserviceSourceGen\MicroserviceSourceGen.csproj", "{11AACB85-7EF5-4122-864C-FC1EAB5A12BF}"
EndProject
Project("{FAE04EC0-301F-11D3-BF4B-00C04F79EFBC}") = "MicroserviceSourceGen.Tests", "SourceGen\MicroserviceSourceGen.Tests\MicroserviceSourceGen.Tests.csproj", "{8A3246BB-5C81-4908-A459-ED95F528E34F}"
EndProject
Project("{FAE04EC0-301F-11D3-BF4B-00C04F79EFBC}") = "beamable.common", "..\cli\beamable.common\beamable.common.csproj", "{4744F844-9B8D-4AB7-AE9B-C22E0176DABD}"
EndProject
Project("{FAE04EC0-301F-11D3-BF4B-00C04F79EFBC}") = "beamable.tooling.common", "..\microservice\beamable.tooling.common\beamable.tooling.common.csproj", "{012DD13E-1773-4615-84F3-1C221C710821}"
EndProject
Project("{FAE04EC0-301F-11D3-BF4B-00C04F79EFBC}") = "beamable.server.common", "..\cli\beamable.server.common\beamable.server.common.csproj", "{AEB245EF-D143-4FE5-A7F4-A90CF71EECBF}"
EndProject
Project("{FAE04EC0-301F-11D3-BF4B-00C04F79EFBC}") = "cli", "..\cli\cli\cli.csproj", "{178742BF-01D7-4BD8-9BAB-C5B2D4F772F0}"
EndProject
Project("{FAE04EC0-301F-11D3-BF4B-00C04F79EFBC}") = "tests", "..\cli\tests\tests.csproj", "{948AB5E7-82BD-46AD-A2F0-F60B33EA795D}"
EndProject
Project("{FAE04EC0-301F-11D3-BF4B-00C04F79EFBC}") = "microservice", "..\microservice\microservice\microservice.csproj", "{03F72CB8-1A32-4A9B-AF95-F507DEC045C5}"
EndProject
Project("{FAE04EC0-301F-11D3-BF4B-00C04F79EFBC}") = "unityenginestubs", "..\microservice\unityEngineStubs\unityenginestubs.csproj", "{2E0E02E8-2018-4DF0-B814-D8B76F6127C0}"
EndProject
Project("{FAE04EC0-301F-11D3-BF4B-00C04F79EFBC}") = "unityenginestubs.addressables", "..\microservice\unityenginestubs.addressables\unityenginestubs.addressables.csproj", "{AC4FA2F6-5F33-446F-B588-A3C598060C9E}"
EndProject
Project("{FAE04EC0-301F-11D3-BF4B-00C04F79EFBC}") = "microserviceTests", "..\microservice\microserviceTests\microserviceTests.csproj", "{71D75B37-8C7E-43EE-8707-52C212979207}"
EndProject
Global
	GlobalSection(SolutionConfigurationPlatforms) = preSolution
		Debug|Any CPU = Debug|Any CPU
		Release|Any CPU = Release|Any CPU
	EndGlobalSection
	GlobalSection(ProjectConfigurationPlatforms) = postSolution
		{D14E4FA1-7BB0-431D-85AC-67D26A6A6AB2}.Debug|Any CPU.ActiveCfg = Debug|Any CPU
		{D14E4FA1-7BB0-431D-85AC-67D26A6A6AB2}.Debug|Any CPU.Build.0 = Debug|Any CPU
		{D14E4FA1-7BB0-431D-85AC-67D26A6A6AB2}.Release|Any CPU.ActiveCfg = Release|Any CPU
		{D14E4FA1-7BB0-431D-85AC-67D26A6A6AB2}.Release|Any CPU.Build.0 = Release|Any CPU
		{5078B5D7-2A56-45ED-9BE9-1087EABD01AC}.Debug|Any CPU.ActiveCfg = Debug|Any CPU
		{5078B5D7-2A56-45ED-9BE9-1087EABD01AC}.Debug|Any CPU.Build.0 = Debug|Any CPU
		{5078B5D7-2A56-45ED-9BE9-1087EABD01AC}.Release|Any CPU.ActiveCfg = Release|Any CPU
		{5078B5D7-2A56-45ED-9BE9-1087EABD01AC}.Release|Any CPU.Build.0 = Release|Any CPU
		{74FB371E-3386-4A52-9CC0-11CA623D2BB7}.Debug|Any CPU.ActiveCfg = Debug|Any CPU
		{74FB371E-3386-4A52-9CC0-11CA623D2BB7}.Debug|Any CPU.Build.0 = Debug|Any CPU
		{74FB371E-3386-4A52-9CC0-11CA623D2BB7}.Release|Any CPU.ActiveCfg = Release|Any CPU
		{74FB371E-3386-4A52-9CC0-11CA623D2BB7}.Release|Any CPU.Build.0 = Release|Any CPU
		{EF1BAFA1-CC46-4D75-8C69-20E962A71D72}.Debug|Any CPU.ActiveCfg = Debug|Any CPU
		{EF1BAFA1-CC46-4D75-8C69-20E962A71D72}.Debug|Any CPU.Build.0 = Debug|Any CPU
		{EF1BAFA1-CC46-4D75-8C69-20E962A71D72}.Release|Any CPU.ActiveCfg = Release|Any CPU
		{EF1BAFA1-CC46-4D75-8C69-20E962A71D72}.Release|Any CPU.Build.0 = Release|Any CPU
		{11AACB85-7EF5-4122-864C-FC1EAB5A12BF}.Debug|Any CPU.ActiveCfg = Debug|Any CPU
		{11AACB85-7EF5-4122-864C-FC1EAB5A12BF}.Debug|Any CPU.Build.0 = Debug|Any CPU
		{11AACB85-7EF5-4122-864C-FC1EAB5A12BF}.Release|Any CPU.ActiveCfg = Release|Any CPU
		{11AACB85-7EF5-4122-864C-FC1EAB5A12BF}.Release|Any CPU.Build.0 = Release|Any CPU
		{8A3246BB-5C81-4908-A459-ED95F528E34F}.Debug|Any CPU.ActiveCfg = Debug|Any CPU
		{8A3246BB-5C81-4908-A459-ED95F528E34F}.Debug|Any CPU.Build.0 = Debug|Any CPU
		{8A3246BB-5C81-4908-A459-ED95F528E34F}.Release|Any CPU.ActiveCfg = Release|Any CPU
		{8A3246BB-5C81-4908-A459-ED95F528E34F}.Release|Any CPU.Build.0 = Release|Any CPU
		{4744F844-9B8D-4AB7-AE9B-C22E0176DABD}.Debug|Any CPU.ActiveCfg = Debug|Any CPU
		{4744F844-9B8D-4AB7-AE9B-C22E0176DABD}.Debug|Any CPU.Build.0 = Debug|Any CPU
		{4744F844-9B8D-4AB7-AE9B-C22E0176DABD}.Release|Any CPU.ActiveCfg = Release|Any CPU
		{4744F844-9B8D-4AB7-AE9B-C22E0176DABD}.Release|Any CPU.Build.0 = Release|Any CPU
		{012DD13E-1773-4615-84F3-1C221C710821}.Debug|Any CPU.ActiveCfg = Debug|Any CPU
		{012DD13E-1773-4615-84F3-1C221C710821}.Debug|Any CPU.Build.0 = Debug|Any CPU
		{012DD13E-1773-4615-84F3-1C221C710821}.Release|Any CPU.ActiveCfg = Release|Any CPU
		{012DD13E-1773-4615-84F3-1C221C710821}.Release|Any CPU.Build.0 = Release|Any CPU
		{AEB245EF-D143-4FE5-A7F4-A90CF71EECBF}.Debug|Any CPU.ActiveCfg = Debug|Any CPU
		{AEB245EF-D143-4FE5-A7F4-A90CF71EECBF}.Debug|Any CPU.Build.0 = Debug|Any CPU
		{AEB245EF-D143-4FE5-A7F4-A90CF71EECBF}.Release|Any CPU.ActiveCfg = Release|Any CPU
		{AEB245EF-D143-4FE5-A7F4-A90CF71EECBF}.Release|Any CPU.Build.0 = Release|Any CPU
		{178742BF-01D7-4BD8-9BAB-C5B2D4F772F0}.Debug|Any CPU.ActiveCfg = Debug|Any CPU
		{178742BF-01D7-4BD8-9BAB-C5B2D4F772F0}.Debug|Any CPU.Build.0 = Debug|Any CPU
		{178742BF-01D7-4BD8-9BAB-C5B2D4F772F0}.Release|Any CPU.ActiveCfg = Release|Any CPU
		{178742BF-01D7-4BD8-9BAB-C5B2D4F772F0}.Release|Any CPU.Build.0 = Release|Any CPU
		{948AB5E7-82BD-46AD-A2F0-F60B33EA795D}.Debug|Any CPU.ActiveCfg = Debug|Any CPU
		{948AB5E7-82BD-46AD-A2F0-F60B33EA795D}.Debug|Any CPU.Build.0 = Debug|Any CPU
		{948AB5E7-82BD-46AD-A2F0-F60B33EA795D}.Release|Any CPU.ActiveCfg = Release|Any CPU
		{948AB5E7-82BD-46AD-A2F0-F60B33EA795D}.Release|Any CPU.Build.0 = Release|Any CPU
		{03F72CB8-1A32-4A9B-AF95-F507DEC045C5}.Debug|Any CPU.ActiveCfg = Debug|Any CPU
		{03F72CB8-1A32-4A9B-AF95-F507DEC045C5}.Debug|Any CPU.Build.0 = Debug|Any CPU
		{03F72CB8-1A32-4A9B-AF95-F507DEC045C5}.Release|Any CPU.ActiveCfg = Release|Any CPU
		{03F72CB8-1A32-4A9B-AF95-F507DEC045C5}.Release|Any CPU.Build.0 = Release|Any CPU
		{2E0E02E8-2018-4DF0-B814-D8B76F6127C0}.Debug|Any CPU.ActiveCfg = Debug|Any CPU
		{2E0E02E8-2018-4DF0-B814-D8B76F6127C0}.Debug|Any CPU.Build.0 = Debug|Any CPU
		{2E0E02E8-2018-4DF0-B814-D8B76F6127C0}.Release|Any CPU.ActiveCfg = Release|Any CPU
		{2E0E02E8-2018-4DF0-B814-D8B76F6127C0}.Release|Any CPU.Build.0 = Release|Any CPU
		{AC4FA2F6-5F33-446F-B588-A3C598060C9E}.Debug|Any CPU.ActiveCfg = Debug|Any CPU
		{AC4FA2F6-5F33-446F-B588-A3C598060C9E}.Debug|Any CPU.Build.0 = Debug|Any CPU
		{AC4FA2F6-5F33-446F-B588-A3C598060C9E}.Release|Any CPU.ActiveCfg = Release|Any CPU
		{AC4FA2F6-5F33-446F-B588-A3C598060C9E}.Release|Any CPU.Build.0 = Release|Any CPU
		{71D75B37-8C7E-43EE-8707-52C212979207}.Debug|Any CPU.ActiveCfg = Debug|Any CPU
		{71D75B37-8C7E-43EE-8707-52C212979207}.Debug|Any CPU.Build.0 = Debug|Any CPU
		{71D75B37-8C7E-43EE-8707-52C212979207}.Release|Any CPU.ActiveCfg = Release|Any CPU
		{71D75B37-8C7E-43EE-8707-52C212979207}.Release|Any CPU.Build.0 = Release|Any CPU
	EndGlobalSection
EndGlobal
